// !$*UTF8*$!
{
	archiveVersion = 1;
	classes = {
	};
	objectVersion = 50;
	objects = {

/* Begin PBXBuildFile section */
		8D144A1B216FEE2D00AD925E /* AppDelegate.swift in Sources */ = {isa = PBXBuildFile; fileRef = 8D144A1A216FEE2D00AD925E /* AppDelegate.swift */; };
		8D144A22216FEE2E00AD925E /* Assets.xcassets in Resources */ = {isa = PBXBuildFile; fileRef = 8D144A21216FEE2E00AD925E /* Assets.xcassets */; };
		8D144A25216FEE2E00AD925E /* LaunchScreen.storyboard in Resources */ = {isa = PBXBuildFile; fileRef = 8D144A23216FEE2E00AD925E /* LaunchScreen.storyboard */; };
		8D144A2D216FEE9400AD925E /* ViewController.swift in Sources */ = {isa = PBXBuildFile; fileRef = 8D144A2C216FEE9400AD925E /* ViewController.swift */; };
		8D144A2F216FEE9900AD925E /* Sticker.swift in Sources */ = {isa = PBXBuildFile; fileRef = 8D144A2E216FEE9900AD925E /* Sticker.swift */; };
		8D144A31216FEE9D00AD925E /* StickerCollectionViewCell.swift in Sources */ = {isa = PBXBuildFile; fileRef = 8D144A30216FEE9D00AD925E /* StickerCollectionViewCell.swift */; };
		8D144A33216FEEB700AD925E /* Main.storyboard in Resources */ = {isa = PBXBuildFile; fileRef = 8D144A32216FEEB700AD925E /* Main.storyboard */; };
		8D144A36216FEED300AD925E /* CloudKit.framework in Frameworks */ = {isa = PBXBuildFile; fileRef = 8D144A35216FEED300AD925E /* CloudKit.framework */; };
		8D2F0F0F2172527400FBAF99 /* API.swift in Sources */ = {isa = PBXBuildFile; fileRef = 8D2F0F0E2172527400FBAF99 /* API.swift */; };
		94EB47B387A1E4875DBE87A6 /* Pods_DogCMS.framework in Frameworks */ = {isa = PBXBuildFile; fileRef = C9C5BE5A73AB9A6839ACF2A7 /* Pods_DogCMS.framework */; };
/* End PBXBuildFile section */

/* Begin PBXFileReference section */
		553EA5AAF8D24B9EEACBF544 /* Pods-DogCMS.debug.xcconfig */ = {isa = PBXFileReference; includeInIndex = 1; lastKnownFileType = text.xcconfig; name = "Pods-DogCMS.debug.xcconfig"; path = "Pods/Target Support Files/Pods-DogCMS/Pods-DogCMS.debug.xcconfig"; sourceTree = "<group>"; };
		8D144A17216FEE2D00AD925E /* DogCMS.app */ = {isa = PBXFileReference; explicitFileType = wrapper.application; includeInIndex = 0; path = DogCMS.app; sourceTree = BUILT_PRODUCTS_DIR; };
		8D144A1A216FEE2D00AD925E /* AppDelegate.swift */ = {isa = PBXFileReference; lastKnownFileType = sourcecode.swift; path = AppDelegate.swift; sourceTree = "<group>"; };
		8D144A21216FEE2E00AD925E /* Assets.xcassets */ = {isa = PBXFileReference; lastKnownFileType = folder.assetcatalog; path = Assets.xcassets; sourceTree = "<group>"; };
		8D144A24216FEE2E00AD925E /* Base */ = {isa = PBXFileReference; lastKnownFileType = file.storyboard; name = Base; path = Base.lproj/LaunchScreen.storyboard; sourceTree = "<group>"; };
		8D144A26216FEE2E00AD925E /* Info.plist */ = {isa = PBXFileReference; lastKnownFileType = text.plist.xml; path = Info.plist; sourceTree = "<group>"; };
		8D144A2C216FEE9400AD925E /* ViewController.swift */ = {isa = PBXFileReference; fileEncoding = 4; lastKnownFileType = sourcecode.swift; path = ViewController.swift; sourceTree = "<group>"; };
		8D144A2E216FEE9900AD925E /* Sticker.swift */ = {isa = PBXFileReference; fileEncoding = 4; lastKnownFileType = sourcecode.swift; path = Sticker.swift; sourceTree = "<group>"; };
		8D144A30216FEE9D00AD925E /* StickerCollectionViewCell.swift */ = {isa = PBXFileReference; fileEncoding = 4; lastKnownFileType = sourcecode.swift; path = StickerCollectionViewCell.swift; sourceTree = "<group>"; };
		8D144A32216FEEB700AD925E /* Main.storyboard */ = {isa = PBXFileReference; fileEncoding = 4; lastKnownFileType = file.storyboard; path = Main.storyboard; sourceTree = "<group>"; };
		8D144A34216FEED100AD925E /* DogCMS.entitlements */ = {isa = PBXFileReference; lastKnownFileType = text.plist.entitlements; path = DogCMS.entitlements; sourceTree = "<group>"; };
		8D144A35216FEED300AD925E /* CloudKit.framework */ = {isa = PBXFileReference; lastKnownFileType = wrapper.framework; name = CloudKit.framework; path = System/Library/Frameworks/CloudKit.framework; sourceTree = SDKROOT; };
		8D2F0F0E2172527400FBAF99 /* API.swift */ = {isa = PBXFileReference; lastKnownFileType = sourcecode.swift; path = API.swift; sourceTree = "<group>"; };
		924D4345BB705EF5D5315DFE /* Pods-DogCMS.release.xcconfig */ = {isa = PBXFileReference; includeInIndex = 1; lastKnownFileType = text.xcconfig; name = "Pods-DogCMS.release.xcconfig"; path = "Pods/Target Support Files/Pods-DogCMS/Pods-DogCMS.release.xcconfig"; sourceTree = "<group>"; };
		C9C5BE5A73AB9A6839ACF2A7 /* Pods_DogCMS.framework */ = {isa = PBXFileReference; explicitFileType = wrapper.framework; includeInIndex = 0; path = Pods_DogCMS.framework; sourceTree = BUILT_PRODUCTS_DIR; };
/* End PBXFileReference section */

/* Begin PBXFrameworksBuildPhase section */
		8D144A14216FEE2D00AD925E /* Frameworks */ = {
			isa = PBXFrameworksBuildPhase;
			buildActionMask = 2147483647;
			files = (
				94EB47B387A1E4875DBE87A6 /* Pods_DogCMS.framework in Frameworks */,
				8D144A36216FEED300AD925E /* CloudKit.framework in Frameworks */,
			);
			runOnlyForDeploymentPostprocessing = 0;
		};
/* End PBXFrameworksBuildPhase section */

/* Begin PBXGroup section */
		0B6E1EA3D2536A2EF8945C82 /* Pods */ = {
			isa = PBXGroup;
			children = (
				553EA5AAF8D24B9EEACBF544 /* Pods-DogCMS.debug.xcconfig */,
				924D4345BB705EF5D5315DFE /* Pods-DogCMS.release.xcconfig */,
			);
			name = Pods;
			sourceTree = "<group>";
		};
		40DAB9DA79547890B30D1CC1 /* Frameworks */ = {
			isa = PBXGroup;
			children = (
				8D144A35216FEED300AD925E /* CloudKit.framework */,
				C9C5BE5A73AB9A6839ACF2A7 /* Pods_DogCMS.framework */,
			);
			name = Frameworks;
			sourceTree = "<group>";
		};
		8D144A0E216FEE2D00AD925E = {
			isa = PBXGroup;
			children = (
				8D144A19216FEE2D00AD925E /* DogCMS */,
				8D144A18216FEE2D00AD925E /* Products */,
				0B6E1EA3D2536A2EF8945C82 /* Pods */,
				40DAB9DA79547890B30D1CC1 /* Frameworks */,
			);
			sourceTree = "<group>";
		};
		8D144A18216FEE2D00AD925E /* Products */ = {
			isa = PBXGroup;
			children = (
				8D144A17216FEE2D00AD925E /* DogCMS.app */,
			);
			name = Products;
			sourceTree = "<group>";
		};
		8D144A19216FEE2D00AD925E /* DogCMS */ = {
			isa = PBXGroup;
			children = (
				8D144A34216FEED100AD925E /* DogCMS.entitlements */,
				8D144A1A216FEE2D00AD925E /* AppDelegate.swift */,
				8D144A2C216FEE9400AD925E /* ViewController.swift */,
				8D144A2E216FEE9900AD925E /* Sticker.swift */,
				8D144A30216FEE9D00AD925E /* StickerCollectionViewCell.swift */,
				8D2F0F0E2172527400FBAF99 /* API.swift */,
				8D144A32216FEEB700AD925E /* Main.storyboard */,
				8D144A21216FEE2E00AD925E /* Assets.xcassets */,
				8D144A23216FEE2E00AD925E /* LaunchScreen.storyboard */,
				8D144A26216FEE2E00AD925E /* Info.plist */,
			);
			path = DogCMS;
			sourceTree = "<group>";
		};
/* End PBXGroup section */

/* Begin PBXNativeTarget section */
		8D144A16216FEE2D00AD925E /* DogCMS */ = {
			isa = PBXNativeTarget;
			buildConfigurationList = 8D144A29216FEE2E00AD925E /* Build configuration list for PBXNativeTarget "DogCMS" */;
			buildPhases = (
				3C88B8833326FB11D3B80A9F /* [CP] Check Pods Manifest.lock */,
				8D144A13216FEE2D00AD925E /* Sources */,
				8D144A14216FEE2D00AD925E /* Frameworks */,
				8D144A15216FEE2D00AD925E /* Resources */,
				8274D3EB19A6982E9D947811 /* [CP] Embed Pods Frameworks */,
			);
			buildRules = (
			);
			dependencies = (
			);
			name = DogCMS;
			productName = DogCMS;
			productReference = 8D144A17216FEE2D00AD925E /* DogCMS.app */;
			productType = "com.apple.product-type.application";
		};
/* End PBXNativeTarget section */

/* Begin PBXProject section */
		8D144A0F216FEE2D00AD925E /* Project object */ = {
			isa = PBXProject;
			attributes = {
				LastSwiftUpdateCheck = 1000;
				LastUpgradeCheck = 1000;
				ORGANIZATIONNAME = Mike;
				TargetAttributes = {
					8D144A16216FEE2D00AD925E = {
						CreatedOnToolsVersion = 10.0;
						SystemCapabilities = {
							com.apple.Push = {
								enabled = 1;
							};
							com.apple.iCloud = {
								enabled = 1;
							};
						};
					};
				};
			};
			buildConfigurationList = 8D144A12216FEE2D00AD925E /* Build configuration list for PBXProject "DogCMS" */;
			compatibilityVersion = "Xcode 9.3";
			developmentRegion = en;
			hasScannedForEncodings = 0;
			knownRegions = (
				en,
				Base,
			);
			mainGroup = 8D144A0E216FEE2D00AD925E;
			productRefGroup = 8D144A18216FEE2D00AD925E /* Products */;
			projectDirPath = "";
			projectRoot = "";
			targets = (
				8D144A16216FEE2D00AD925E /* DogCMS */,
			);
		};
/* End PBXProject section */

/* Begin PBXResourcesBuildPhase section */
		8D144A15216FEE2D00AD925E /* Resources */ = {
			isa = PBXResourcesBuildPhase;
			buildActionMask = 2147483647;
			files = (
				8D144A33216FEEB700AD925E /* Main.storyboard in Resources */,
				8D144A25216FEE2E00AD925E /* LaunchScreen.storyboard in Resources */,
				8D144A22216FEE2E00AD925E /* Assets.xcassets in Resources */,
			);
			runOnlyForDeploymentPostprocessing = 0;
		};
/* End PBXResourcesBuildPhase section */

/* Begin PBXShellScriptBuildPhase section */
		3C88B8833326FB11D3B80A9F /* [CP] Check Pods Manifest.lock */ = {
			isa = PBXShellScriptBuildPhase;
			buildActionMask = 2147483647;
			files = (
			);
			inputPaths = (
				"${PODS_PODFILE_DIR_PATH}/Podfile.lock",
				"${PODS_ROOT}/Manifest.lock",
			);
			name = "[CP] Check Pods Manifest.lock";
			outputPaths = (
				"$(DERIVED_FILE_DIR)/Pods-DogCMS-checkManifestLockResult.txt",
			);
			runOnlyForDeploymentPostprocessing = 0;
			shellPath = /bin/sh;
			shellScript = "diff \"${PODS_PODFILE_DIR_PATH}/Podfile.lock\" \"${PODS_ROOT}/Manifest.lock\" > /dev/null\nif [ $? != 0 ] ; then\n    # print error to STDERR\n    echo \"error: The sandbox is not in sync with the Podfile.lock. Run 'pod install' or update your CocoaPods installation.\" >&2\n    exit 1\nfi\n# This output is used by Xcode 'outputs' to avoid re-running this script phase.\necho \"SUCCESS\" > \"${SCRIPT_OUTPUT_FILE_0}\"\n";
			showEnvVarsInLog = 0;
		};
		8274D3EB19A6982E9D947811 /* [CP] Embed Pods Frameworks */ = {
			isa = PBXShellScriptBuildPhase;
			buildActionMask = 2147483647;
			files = (
			);
			inputPaths = (
				"${SRCROOT}/Pods/Target Support Files/Pods-DogCMS/Pods-DogCMS-frameworks.sh",
				"${BUILT_PRODUCTS_DIR}/SVProgressHUD/SVProgressHUD.framework",
			);
			name = "[CP] Embed Pods Frameworks";
			outputPaths = (
				"${TARGET_BUILD_DIR}/${FRAMEWORKS_FOLDER_PATH}/SVProgressHUD.framework",
			);
			runOnlyForDeploymentPostprocessing = 0;
			shellPath = /bin/sh;
			shellScript = "\"${SRCROOT}/Pods/Target Support Files/Pods-DogCMS/Pods-DogCMS-frameworks.sh\"\n";
			showEnvVarsInLog = 0;
		};
/* End PBXShellScriptBuildPhase section */

/* Begin PBXSourcesBuildPhase section */
		8D144A13216FEE2D00AD925E /* Sources */ = {
			isa = PBXSourcesBuildPhase;
			buildActionMask = 2147483647;
			files = (
				8D144A2D216FEE9400AD925E /* ViewController.swift in Sources */,
				8D144A2F216FEE9900AD925E /* Sticker.swift in Sources */,
				8D144A31216FEE9D00AD925E /* StickerCollectionViewCell.swift in Sources */,
				8D144A1B216FEE2D00AD925E /* AppDelegate.swift in Sources */,
				8D2F0F0F2172527400FBAF99 /* API.swift in Sources */,
			);
			runOnlyForDeploymentPostprocessing = 0;
		};
/* End PBXSourcesBuildPhase section */

/* Begin PBXVariantGroup section */
		8D144A23216FEE2E00AD925E /* LaunchScreen.storyboard */ = {
			isa = PBXVariantGroup;
			children = (
				8D144A24216FEE2E00AD925E /* Base */,
			);
			name = LaunchScreen.storyboard;
			sourceTree = "<group>";
		};
/* End PBXVariantGroup section */

/* Begin XCBuildConfiguration section */
		8D144A27216FEE2E00AD925E /* Debug */ = {
			isa = XCBuildConfiguration;
			buildSettings = {
				ALWAYS_SEARCH_USER_PATHS = NO;
				CLANG_ANALYZER_NONNULL = YES;
				CLANG_ANALYZER_NUMBER_OBJECT_CONVERSION = YES_AGGRESSIVE;
				CLANG_CXX_LANGUAGE_STANDARD = "gnu++14";
				CLANG_CXX_LIBRARY = "libc++";
				CLANG_ENABLE_MODULES = YES;
				CLANG_ENABLE_OBJC_ARC = YES;
				CLANG_ENABLE_OBJC_WEAK = YES;
				CLANG_WARN_BLOCK_CAPTURE_AUTORELEASING = YES;
				CLANG_WARN_BOOL_CONVERSION = YES;
				CLANG_WARN_COMMA = YES;
				CLANG_WARN_CONSTANT_CONVERSION = YES;
				CLANG_WARN_DEPRECATED_OBJC_IMPLEMENTATIONS = YES;
				CLANG_WARN_DIRECT_OBJC_ISA_USAGE = YES_ERROR;
				CLANG_WARN_DOCUMENTATION_COMMENTS = YES;
				CLANG_WARN_EMPTY_BODY = YES;
				CLANG_WARN_ENUM_CONVERSION = YES;
				CLANG_WARN_INFINITE_RECURSION = YES;
				CLANG_WARN_INT_CONVERSION = YES;
				CLANG_WARN_NON_LITERAL_NULL_CONVERSION = YES;
				CLANG_WARN_OBJC_IMPLICIT_RETAIN_SELF = YES;
				CLANG_WARN_OBJC_LITERAL_CONVERSION = YES;
				CLANG_WARN_OBJC_ROOT_CLASS = YES_ERROR;
				CLANG_WARN_RANGE_LOOP_ANALYSIS = YES;
				CLANG_WARN_STRICT_PROTOTYPES = YES;
				CLANG_WARN_SUSPICIOUS_MOVE = YES;
				CLANG_WARN_UNGUARDED_AVAILABILITY = YES_AGGRESSIVE;
				CLANG_WARN_UNREACHABLE_CODE = YES;
				CLANG_WARN__DUPLICATE_METHOD_MATCH = YES;
				CODE_SIGN_IDENTITY = "iPhone Developer";
				COPY_PHASE_STRIP = NO;
				DEBUG_INFORMATION_FORMAT = dwarf;
				ENABLE_STRICT_OBJC_MSGSEND = YES;
				ENABLE_TESTABILITY = YES;
				GCC_C_LANGUAGE_STANDARD = gnu11;
				GCC_DYNAMIC_NO_PIC = NO;
				GCC_NO_COMMON_BLOCKS = YES;
				GCC_OPTIMIZATION_LEVEL = 0;
				GCC_PREPROCESSOR_DEFINITIONS = (
					"DEBUG=1",
					"$(inherited)",
				);
				GCC_WARN_64_TO_32_BIT_CONVERSION = YES;
				GCC_WARN_ABOUT_RETURN_TYPE = YES_ERROR;
				GCC_WARN_UNDECLARED_SELECTOR = YES;
				GCC_WARN_UNINITIALIZED_AUTOS = YES_AGGRESSIVE;
				GCC_WARN_UNUSED_FUNCTION = YES;
				GCC_WARN_UNUSED_VARIABLE = YES;
				IPHONEOS_DEPLOYMENT_TARGET = 12.0;
				MTL_ENABLE_DEBUG_INFO = INCLUDE_SOURCE;
				MTL_FAST_MATH = YES;
				ONLY_ACTIVE_ARCH = YES;
				SDKROOT = iphoneos;
				SWIFT_ACTIVE_COMPILATION_CONDITIONS = DEBUG;
				SWIFT_OPTIMIZATION_LEVEL = "-Onone";
			};
			name = Debug;
		};
		8D144A28216FEE2E00AD925E /* Release */ = {
			isa = XCBuildConfiguration;
			buildSettings = {
				ALWAYS_SEARCH_USER_PATHS = NO;
				CLANG_ANALYZER_NONNULL = YES;
				CLANG_ANALYZER_NUMBER_OBJECT_CONVERSION = YES_AGGRESSIVE;
				CLANG_CXX_LANGUAGE_STANDARD = "gnu++14";
				CLANG_CXX_LIBRARY = "libc++";
				CLANG_ENABLE_MODULES = YES;
				CLANG_ENABLE_OBJC_ARC = YES;
				CLANG_ENABLE_OBJC_WEAK = YES;
				CLANG_WARN_BLOCK_CAPTURE_AUTORELEASING = YES;
				CLANG_WARN_BOOL_CONVERSION = YES;
				CLANG_WARN_COMMA = YES;
				CLANG_WARN_CONSTANT_CONVERSION = YES;
				CLANG_WARN_DEPRECATED_OBJC_IMPLEMENTATIONS = YES;
				CLANG_WARN_DIRECT_OBJC_ISA_USAGE = YES_ERROR;
				CLANG_WARN_DOCUMENTATION_COMMENTS = YES;
				CLANG_WARN_EMPTY_BODY = YES;
				CLANG_WARN_ENUM_CONVERSION = YES;
				CLANG_WARN_INFINITE_RECURSION = YES;
				CLANG_WARN_INT_CONVERSION = YES;
				CLANG_WARN_NON_LITERAL_NULL_CONVERSION = YES;
				CLANG_WARN_OBJC_IMPLICIT_RETAIN_SELF = YES;
				CLANG_WARN_OBJC_LITERAL_CONVERSION = YES;
				CLANG_WARN_OBJC_ROOT_CLASS = YES_ERROR;
				CLANG_WARN_RANGE_LOOP_ANALYSIS = YES;
				CLANG_WARN_STRICT_PROTOTYPES = YES;
				CLANG_WARN_SUSPICIOUS_MOVE = YES;
				CLANG_WARN_UNGUARDED_AVAILABILITY = YES_AGGRESSIVE;
				CLANG_WARN_UNREACHABLE_CODE = YES;
				CLANG_WARN__DUPLICATE_METHOD_MATCH = YES;
				CODE_SIGN_IDENTITY = "iPhone Developer";
				COPY_PHASE_STRIP = NO;
				DEBUG_INFORMATION_FORMAT = "dwarf-with-dsym";
				ENABLE_NS_ASSERTIONS = NO;
				ENABLE_STRICT_OBJC_MSGSEND = YES;
				GCC_C_LANGUAGE_STANDARD = gnu11;
				GCC_NO_COMMON_BLOCKS = YES;
				GCC_WARN_64_TO_32_BIT_CONVERSION = YES;
				GCC_WARN_ABOUT_RETURN_TYPE = YES_ERROR;
				GCC_WARN_UNDECLARED_SELECTOR = YES;
				GCC_WARN_UNINITIALIZED_AUTOS = YES_AGGRESSIVE;
				GCC_WARN_UNUSED_FUNCTION = YES;
				GCC_WARN_UNUSED_VARIABLE = YES;
				IPHONEOS_DEPLOYMENT_TARGET = 12.0;
				MTL_ENABLE_DEBUG_INFO = NO;
				MTL_FAST_MATH = YES;
				SDKROOT = iphoneos;
				SWIFT_COMPILATION_MODE = wholemodule;
				SWIFT_OPTIMIZATION_LEVEL = "-O";
				VALIDATE_PRODUCT = YES;
			};
			name = Release;
		};
		8D144A2A216FEE2E00AD925E /* Debug */ = {
			isa = XCBuildConfiguration;
			baseConfigurationReference = 553EA5AAF8D24B9EEACBF544 /* Pods-DogCMS.debug.xcconfig */;
			buildSettings = {
				ASSETCATALOG_COMPILER_APPICON_NAME = AppIcon;
				CODE_SIGN_ENTITLEMENTS = DogCMS/DogCMS.entitlements;
				CODE_SIGN_STYLE = Automatic;
				DEVELOPMENT_TEAM = A56D86G827;
				INFOPLIST_FILE = DogCMS/Info.plist;
				IPHONEOS_DEPLOYMENT_TARGET = 11;
				LD_RUNPATH_SEARCH_PATHS = (
					"$(inherited)",
					"@executable_path/Frameworks",
				);
				PRODUCT_BUNDLE_IDENTIFIER = com.mikekavouras.DogCMS;
				PRODUCT_NAME = "$(TARGET_NAME)";
				SWIFT_VERSION = 4.2;
				TARGETED_DEVICE_FAMILY = "1,2";
			};
			name = Debug;
		};
		8D144A2B216FEE2E00AD925E /* Release */ = {
			isa = XCBuildConfiguration;
			baseConfigurationReference = 924D4345BB705EF5D5315DFE /* Pods-DogCMS.release.xcconfig */;
			buildSettings = {
				ASSETCATALOG_COMPILER_APPICON_NAME = AppIcon;
				CODE_SIGN_ENTITLEMENTS = DogCMS/DogCMS.entitlements;
				CODE_SIGN_STYLE = Automatic;
				DEVELOPMENT_TEAM = A56D86G827;
				INFOPLIST_FILE = DogCMS/Info.plist;
				IPHONEOS_DEPLOYMENT_TARGET = 11;
				LD_RUNPATH_SEARCH_PATHS = (
					"$(inherited)",
					"@executable_path/Frameworks",
				);
				PRODUCT_BUNDLE_IDENTIFIER = com.mikekavouras.DogCMS;
				PRODUCT_NAME = "$(TARGET_NAME)";
				SWIFT_VERSION = 4.2;
				TARGETED_DEVICE_FAMILY = "1,2";
			};
			name = Release;
		};
/* End XCBuildConfiguration section */

/* Begin XCConfigurationList section */
		8D144A12216FEE2D00AD925E /* Build configuration list for PBXProject "DogCMS" */ = {
			isa = XCConfigurationList;
			buildConfigurations = (
				8D144A27216FEE2E00AD925E /* Debug */,
				8D144A28216FEE2E00AD925E /* Release */,
			);
			defaultConfigurationIsVisible = 0;
			defaultConfigurationName = Release;
		};
		8D144A29216FEE2E00AD925E /* Build configuration list for PBXNativeTarget "DogCMS" */ = {
			isa = XCConfigurationList;
			buildConfigurations = (
				8D144A2A216FEE2E00AD925E /* Debug */,
				8D144A2B216FEE2E00AD925E /* Release */,
			);
			defaultConfigurationIsVisible = 0;
			defaultConfigurationName = Release;
		};
/* End XCConfigurationList section */
	};
	rootObject = 8D144A0F216FEE2D00AD925E /* Project object */;
}
